
Microsoft Visual Studio Solution File, Format Version 12.00
# Visual Studio Version 17
VisualStudioVersion = 17.9.34728.123
MinimumVisualStudioVersion = 10.0.40219.1
Project("{FAE04EC0-301F-11D3-BF4B-00C04F79EFBC}") = "BlazorAutoCrud", "BlazorAutoCrud\BlazorAutoCrud\BlazorAutoCrud.csproj", "{FF7B7993-5620-460E-A9C5-EB0C11AAC47A}"
EndProject
Project("{FAE04EC0-301F-11D3-BF4B-00C04F79EFBC}") = "BlazorAutoCrud.Client", "BlazorAutoCrud\BlazorAutoCrud.Client\BlazorAutoCrud.Client.csproj", "{AB5962D1-68F5-417C-A5C3-43C02587A679}"
EndProject
Project("{FAE04EC0-301F-11D3-BF4B-00C04F79EFBC}") = "Shared", "Shared\Shared.csproj", "{99674C91-7D16-42D9-9224-A55438257F24}"
EndProject
Global
	GlobalSection(SolutionConfigurationPlatforms) = preSolution
		Debug|Any CPU = Debug|Any CPU
		Release|Any CPU = Release|Any CPU
	EndGlobalSection
	GlobalSection(ProjectConfigurationPlatforms) = postSolution
		{FF7B7993-5620-460E-A9C5-EB0C11AAC47A}.Debug|Any CPU.ActiveCfg = Debug|Any CPU
		{FF7B7993-5620-460E-A9C5-EB0C11AAC47A}.Debug|Any CPU.Build.0 = Debug|Any CPU
		{FF7B7993-5620-460E-A9C5-EB0C11AAC47A}.Release|Any CPU.ActiveCfg = Release|Any CPU
		{FF7B7993-5620-460E-A9C5-EB0C11AAC47A}.Release|Any CPU.Build.0 = Release|Any CPU
		{AB5962D1-68F5-417C-A5C3-43C02587A679}.Debug|Any CPU.ActiveCfg = Debug|Any CPU
		{AB5962D1-68F5-417C-A5C3-43C02587A679}.Debug|Any CPU.Build.0 = Debug|Any CPU
		{AB5962D1-68F5-417C-A5C3-43C02587A679}.Release|Any CPU.ActiveCfg = Release|Any CPU
		{AB5962D1-68F5-417C-A5C3-43C02587A679}.Release|Any CPU.Build.0 = Release|Any CPU
		{99674C91-7D16-42D9-9224-A55438257F24}.Debug|Any CPU.ActiveCfg = Debug|Any CPU
		{99674C91-7D16-42D9-9224-A55438257F24}.Debug|Any CPU.Build.0 = Debug|Any CPU
		{99674C91-7D16-42D9-9224-A55438257F24}.Release|Any CPU.ActiveCfg = Release|Any CPU
		{99674C91-7D16-42D9-9224-A55438257F24}.Release|Any CPU.Build.0 = Release|Any CPU
	EndGlobalSection
	GlobalSection(SolutionProperties) = preSolution
		HideSolutionNode = FALSE
	EndGlobalSection
	GlobalSection(ExtensibilityGlobals) = postSolution
		SolutionGuid = {5708B545-7756-4562-90A0-BC03CFE98F25}
	EndGlobalSection
EndGlobal
